dependencies:
- name: redis
  repository: https://keitaro-charts.storage.googleapis.com
  version: 16.5.5
- name: solr
  repository: https://keitaro-charts.storage.googleapis.com
  version: 1.5.5
- name: postgresql
  repository: https://keitaro-charts.storage.googleapis.com
  version: 10.16.2
digest: sha256:0531315ef2852d9cbe1c905352a275b2e285f11e047ebe327d7c0db1953234b5
generated: "2023-05-19T14:37:24.828700352+02:00"
