dependencies:
- name: redis
  repository: https://charts.bitnami.com/bitnami
  version: 14.0.0
- name: solr
  repository: https://charts.bitnami.com/bitnami
  version: 3.0.7
- name: postgresql
  repository: https://charts.bitnami.com/bitnami
  version: 10.2.0
- name: datapusher
  repository: https://keitaro-charts.storage.googleapis.com
  version: 1.0.0
digest: sha256:33be91b5aec30742bd5148bee8c202ded999ecbf546d01c10372f0dce36b6915
generated: "2022-03-15T14:11:36.050887556+01:00"
