dependencies:
- name: redis
  repository: https://charts.bitnami.com/bitnami
  version: 17.15.4
- name: solr
  repository: https://raseel-internal.github.io/charts
  version: 1.0.0
- name: postgresql
  repository: https://charts.bitnami.com/bitnami
  version: 12.8.2
- name: datapusher
  repository: https://raseel-internal.github.io/charts
  version: 1.0.0
digest: sha256:035a0e68afc98cc9ff94411531c32bb6aac9cca89ba31c9d8fb240273569ca10
generated: "2023-08-22T13:24:48.176775+03:00"
